
Microsoft Visual Studio Solution File, Format Version 12.00
# Visual Studio Version 17
VisualStudioVersion = 17.9.34622.214
MinimumVisualStudioVersion = 10.0.40219.1
Project("{FAE04EC0-301F-11D3-BF4B-00C04F79EFBC}") = "AppExamenFinal", "AppExamenFinal\AppExamenFinal.csproj", "{0328C94E-A624-4662-BEF4-D5C6E3040D09}"
EndProject
Global
	GlobalSection(SolutionConfigurationPlatforms) = preSolution
		Debug|Any CPU = Debug|Any CPU
		Release|Any CPU = Release|Any CPU
	EndGlobalSection
	GlobalSection(ProjectConfigurationPlatforms) = postSolution
		{0328C94E-A624-4662-BEF4-D5C6E3040D09}.Debug|Any CPU.ActiveCfg = Debug|Any CPU
		{0328C94E-A624-4662-BEF4-D5C6E3040D09}.Debug|Any CPU.Build.0 = Debug|Any CPU
		{0328C94E-A624-4662-BEF4-D5C6E3040D09}.Debug|Any CPU.Deploy.0 = Debug|Any CPU
		{0328C94E-A624-4662-BEF4-D5C6E3040D09}.Release|Any CPU.ActiveCfg = Release|Any CPU
		{0328C94E-A624-4662-BEF4-D5C6E3040D09}.Release|Any CPU.Build.0 = Release|Any CPU
		{0328C94E-A624-4662-BEF4-D5C6E3040D09}.Release|Any CPU.Deploy.0 = Release|Any CPU
	EndGlobalSection
	GlobalSection(SolutionProperties) = preSolution
		HideSolutionNode = FALSE
	EndGlobalSection
	GlobalSection(ExtensibilityGlobals) = postSolution
		SolutionGuid = {DF7CFFA1-1E1A-4D86-BC8B-62717BF2F8E9}
	EndGlobalSection
EndGlobal
